
Microsoft Visual Studio Solution File, Format Version 11.00
# Visual Studio 2010
Project("{FAE04EC0-301F-11D3-BF4B-00C04F79EFBC}") = "T1A1", "T1A1\T1A1.csproj", "{84F4F130-0ED9-4F25-BDBD-E9D5DAA49444}"
EndProject
Project("{FAE04EC0-301F-11D3-BF4B-00C04F79EFBC}") = "T1A2", "T1A2\T1A2.csproj", "{DBD7B030-E42E-4ACA-8597-484CFD5C845B}"
EndProject
Project("{FAE04EC0-301F-11D3-BF4B-00C04F79EFBC}") = "T1A3", "T1A3\T1A3.csproj", "{409DC253-6079-4B8D-ADEA-391F06C12126}"
EndProject
Project("{FAE04EC0-301F-11D3-BF4B-00C04F79EFBC}") = "T1O3", "T1O3\T1O3.csproj", "{30013A35-1AFB-449A-96AA-120F7D4E9BAA}"
EndProject
Project("{FAE04EC0-301F-11D3-BF4B-00C04F79EFBC}") = "T1L2", "T1L2\T1L2.csproj", "{AB80749F-979E-4575-95C4-28B17E56F036}"
EndProject
Project("{FAE04EC0-301F-11D3-BF4B-00C04F79EFBC}") = "T1I1", "T1I1\T1I1.csproj", "{D63D9A69-2FD5-49E0-9B3B-C300F8467427}"
EndProject
Project("{FAE04EC0-301F-11D3-BF4B-00C04F79EFBC}") = "T1I3", "T1I3\T1I3.csproj", "{34B325E1-57FE-40D8-9A1B-71DA92B03989}"
EndProject
Project("{FAE04EC0-301F-11D3-BF4B-00C04F79EFBC}") = "T1L1", "T1L1\T1L1.csproj", "{03FD59D7-B1D0-4AC2-9658-22E31B27945A}"
EndProject
Project("{FAE04EC0-301F-11D3-BF4B-00C04F79EFBC}") = "T1M1", "T1M1\T1M1.csproj", "{5B108C4C-DE1D-4DCF-BF51-EB70C20C1F64}"
EndProject
Project("{FAE04EC0-301F-11D3-BF4B-00C04F79EFBC}") = "T1A4", "T1A4\T1A4.csproj", "{ADC12237-EB9A-4723-9B2C-44E92E534369}"
EndProject
Project("{FAE04EC0-301F-11D3-BF4B-00C04F79EFBC}") = "T1L3", "T1L3\T1L3.csproj", "{2FCD79AD-E4DD-423A-AAAA-A4B971B6810B}"
EndProject
Project("{FAE04EC0-301F-11D3-BF4B-00C04F79EFBC}") = "Konto20121026", "Konto20121026\Konto20121026.csproj", "{31E6570E-FDA3-42C4-B26B-F0DF31369AE3}"
EndProject
Project("{FAE04EC0-301F-11D3-BF4B-00C04F79EFBC}") = "T2K2", "T2K2\T2K2.csproj", "{948282D5-246A-4240-A85C-F606045F53B1}"
EndProject
Project("{FAE04EC0-301F-11D3-BF4B-00C04F79EFBC}") = "T1O1 Ticketautomat", "T1O1\T1O1 Ticketautomat.csproj", "{9509A747-BAF2-4D4C-85EB-40C7F2DD7A4D}"
EndProject
Project("{FAE04EC0-301F-11D3-BF4B-00C04F79EFBC}") = "T1O2 Quadrieren", "T1O2\T1O2 Quadrieren.csproj", "{9A0EC791-B8B8-46D3-9CA5-0129B3A91CDC}"
EndProject
Project("{FAE04EC0-301F-11D3-BF4B-00C04F79EFBC}") = "T2H2", "T2H2\T2H2.csproj", "{71494D8A-AF07-4732-8D6A-8DA18229B0E7}"
EndProject
Global
	GlobalSection(SolutionConfigurationPlatforms) = preSolution
		Debug|x86 = Debug|x86
		Release|x86 = Release|x86
	EndGlobalSection
	GlobalSection(ProjectConfigurationPlatforms) = postSolution
		{84F4F130-0ED9-4F25-BDBD-E9D5DAA49444}.Debug|x86.ActiveCfg = Debug|x86
		{84F4F130-0ED9-4F25-BDBD-E9D5DAA49444}.Debug|x86.Build.0 = Debug|x86
		{84F4F130-0ED9-4F25-BDBD-E9D5DAA49444}.Release|x86.ActiveCfg = Release|x86
		{84F4F130-0ED9-4F25-BDBD-E9D5DAA49444}.Release|x86.Build.0 = Release|x86
		{DBD7B030-E42E-4ACA-8597-484CFD5C845B}.Debug|x86.ActiveCfg = Debug|x86
		{DBD7B030-E42E-4ACA-8597-484CFD5C845B}.Debug|x86.Build.0 = Debug|x86
		{DBD7B030-E42E-4ACA-8597-484CFD5C845B}.Release|x86.ActiveCfg = Release|x86
		{DBD7B030-E42E-4ACA-8597-484CFD5C845B}.Release|x86.Build.0 = Release|x86
		{409DC253-6079-4B8D-ADEA-391F06C12126}.Debug|x86.ActiveCfg = Debug|x86
		{409DC253-6079-4B8D-ADEA-391F06C12126}.Debug|x86.Build.0 = Debug|x86
		{409DC253-6079-4B8D-ADEA-391F06C12126}.Release|x86.ActiveCfg = Release|x86
		{409DC253-6079-4B8D-ADEA-391F06C12126}.Release|x86.Build.0 = Release|x86
		{30013A35-1AFB-449A-96AA-120F7D4E9BAA}.Debug|x86.ActiveCfg = Debug|x86
		{30013A35-1AFB-449A-96AA-120F7D4E9BAA}.Debug|x86.Build.0 = Debug|x86
		{30013A35-1AFB-449A-96AA-120F7D4E9BAA}.Release|x86.ActiveCfg = Release|x86
		{30013A35-1AFB-449A-96AA-120F7D4E9BAA}.Release|x86.Build.0 = Release|x86
		{AB80749F-979E-4575-95C4-28B17E56F036}.Debug|x86.ActiveCfg = Debug|x86
		{AB80749F-979E-4575-95C4-28B17E56F036}.Debug|x86.Build.0 = Debug|x86
		{AB80749F-979E-4575-95C4-28B17E56F036}.Release|x86.ActiveCfg = Release|x86
		{AB80749F-979E-4575-95C4-28B17E56F036}.Release|x86.Build.0 = Release|x86
		{D63D9A69-2FD5-49E0-9B3B-C300F8467427}.Debug|x86.ActiveCfg = Debug|x86
		{D63D9A69-2FD5-49E0-9B3B-C300F8467427}.Debug|x86.Build.0 = Debug|x86
		{D63D9A69-2FD5-49E0-9B3B-C300F8467427}.Release|x86.ActiveCfg = Release|x86
		{D63D9A69-2FD5-49E0-9B3B-C300F8467427}.Release|x86.Build.0 = Release|x86
		{34B325E1-57FE-40D8-9A1B-71DA92B03989}.Debug|x86.ActiveCfg = Debug|x86
		{34B325E1-57FE-40D8-9A1B-71DA92B03989}.Debug|x86.Build.0 = Debug|x86
		{34B325E1-57FE-40D8-9A1B-71DA92B03989}.Release|x86.ActiveCfg = Release|x86
		{34B325E1-57FE-40D8-9A1B-71DA92B03989}.Release|x86.Build.0 = Release|x86
		{03FD59D7-B1D0-4AC2-9658-22E31B27945A}.Debug|x86.ActiveCfg = Debug|x86
		{03FD59D7-B1D0-4AC2-9658-22E31B27945A}.Debug|x86.Build.0 = Debug|x86
		{03FD59D7-B1D0-4AC2-9658-22E31B27945A}.Release|x86.ActiveCfg = Release|x86
		{03FD59D7-B1D0-4AC2-9658-22E31B27945A}.Release|x86.Build.0 = Release|x86
		{5B108C4C-DE1D-4DCF-BF51-EB70C20C1F64}.Debug|x86.ActiveCfg = Debug|x86
		{5B108C4C-DE1D-4DCF-BF51-EB70C20C1F64}.Debug|x86.Build.0 = Debug|x86
		{5B108C4C-DE1D-4DCF-BF51-EB70C20C1F64}.Release|x86.ActiveCfg = Release|x86
		{5B108C4C-DE1D-4DCF-BF51-EB70C20C1F64}.Release|x86.Build.0 = Release|x86
		{ADC12237-EB9A-4723-9B2C-44E92E534369}.Debug|x86.ActiveCfg = Debug|x86
		{ADC12237-EB9A-4723-9B2C-44E92E534369}.Debug|x86.Build.0 = Debug|x86
		{ADC12237-EB9A-4723-9B2C-44E92E534369}.Release|x86.ActiveCfg = Release|x86
		{ADC12237-EB9A-4723-9B2C-44E92E534369}.Release|x86.Build.0 = Release|x86
		{2FCD79AD-E4DD-423A-AAAA-A4B971B6810B}.Debug|x86.ActiveCfg = Debug|x86
		{2FCD79AD-E4DD-423A-AAAA-A4B971B6810B}.Debug|x86.Build.0 = Debug|x86
		{2FCD79AD-E4DD-423A-AAAA-A4B971B6810B}.Release|x86.ActiveCfg = Release|x86
		{2FCD79AD-E4DD-423A-AAAA-A4B971B6810B}.Release|x86.Build.0 = Release|x86
		{31E6570E-FDA3-42C4-B26B-F0DF31369AE3}.Debug|x86.ActiveCfg = Debug|x86
		{31E6570E-FDA3-42C4-B26B-F0DF31369AE3}.Debug|x86.Build.0 = Debug|x86
		{31E6570E-FDA3-42C4-B26B-F0DF31369AE3}.Release|x86.ActiveCfg = Release|x86
		{31E6570E-FDA3-42C4-B26B-F0DF31369AE3}.Release|x86.Build.0 = Release|x86
		{948282D5-246A-4240-A85C-F606045F53B1}.Debug|x86.ActiveCfg = Debug|x86
		{948282D5-246A-4240-A85C-F606045F53B1}.Debug|x86.Build.0 = Debug|x86
		{948282D5-246A-4240-A85C-F606045F53B1}.Release|x86.ActiveCfg = Release|x86
		{948282D5-246A-4240-A85C-F606045F53B1}.Release|x86.Build.0 = Release|x86
		{9509A747-BAF2-4D4C-85EB-40C7F2DD7A4D}.Debug|x86.ActiveCfg = Debug|x86
		{9509A747-BAF2-4D4C-85EB-40C7F2DD7A4D}.Debug|x86.Build.0 = Debug|x86
		{9509A747-BAF2-4D4C-85EB-40C7F2DD7A4D}.Release|x86.ActiveCfg = Release|x86
		{9509A747-BAF2-4D4C-85EB-40C7F2DD7A4D}.Release|x86.Build.0 = Release|x86
		{9A0EC791-B8B8-46D3-9CA5-0129B3A91CDC}.Debug|x86.ActiveCfg = Debug|x86
		{9A0EC791-B8B8-46D3-9CA5-0129B3A91CDC}.Debug|x86.Build.0 = Debug|x86
		{9A0EC791-B8B8-46D3-9CA5-0129B3A91CDC}.Release|x86.ActiveCfg = Release|x86
		{9A0EC791-B8B8-46D3-9CA5-0129B3A91CDC}.Release|x86.Build.0 = Release|x86
		{71494D8A-AF07-4732-8D6A-8DA18229B0E7}.Debug|x86.ActiveCfg = Debug|x86
		{71494D8A-AF07-4732-8D6A-8DA18229B0E7}.Debug|x86.Build.0 = Debug|x86
		{71494D8A-AF07-4732-8D6A-8DA18229B0E7}.Release|x86.ActiveCfg = Release|x86
		{71494D8A-AF07-4732-8D6A-8DA18229B0E7}.Release|x86.Build.0 = Release|x86
	EndGlobalSection
	GlobalSection(SolutionProperties) = preSolution
		HideSolutionNode = FALSE
	EndGlobalSection
EndGlobal
